
Microsoft Visual Studio Solution File, Format Version 12.00
# Visual Studio Version 17
VisualStudioVersion = 17.13.35806.99 d17.13
MinimumVisualStudioVersion = 10.0.40219.1
Project("{FAE04EC0-301F-11D3-BF4B-00C04F79EFBC}") = "Memory Game", "Memory Game\Memory Game.csproj", "{F6B5AD5D-D655-4423-BE7D-94298AD53075}"
EndProject
Global
	GlobalSection(SolutionConfigurationPlatforms) = preSolution
		Debug|Any CPU = Debug|Any CPU
		Release|Any CPU = Release|Any CPU
	EndGlobalSection
	GlobalSection(ProjectConfigurationPlatforms) = postSolution
		{F6B5AD5D-D655-4423-BE7D-94298AD53075}.Debug|Any CPU.ActiveCfg = Debug|Any CPU
		{F6B5AD5D-D655-4423-BE7D-94298AD53075}.Debug|Any CPU.Build.0 = Debug|Any CPU
		{F6B5AD5D-D655-4423-BE7D-94298AD53075}.Release|Any CPU.ActiveCfg = Release|Any CPU
		{F6B5AD5D-D655-4423-BE7D-94298AD53075}.Release|Any CPU.Build.0 = Release|Any CPU
	EndGlobalSection
	GlobalSection(SolutionProperties) = preSolution
		HideSolutionNode = FALSE
	EndGlobalSection
	GlobalSection(ExtensibilityGlobals) = postSolution
		SolutionGuid = {5206A9A6-38E5-448E-9C7B-682BE59CE470}
	EndGlobalSection
EndGlobal
